
Microsoft Visual Studio Solution File, Format Version 12.00
# Visual Studio Version 17
VisualStudioVersion = 17.9.34728.123
MinimumVisualStudioVersion = 10.0.40219.1
Project("{9A19103F-16F7-4668-BE54-9A1E7A4F7556}") = "MarsRoversCore", "MarsRoversCore\MarsRoversCore.csproj", "{2E15665F-27BF-49E6-A4A1-681F36B8A6D0}"
EndProject
Project("{9A19103F-16F7-4668-BE54-9A1E7A4F7556}") = "CoreUnitTests", "CoreUnitTests\CoreUnitTests.csproj", "{C2DF5E2D-7719-409F-818D-F3341A903F78}"
	ProjectSection(ProjectDependencies) = postProject
		{2E15665F-27BF-49E6-A4A1-681F36B8A6D0} = {2E15665F-27BF-49E6-A4A1-681F36B8A6D0}
	EndProjectSection
EndProject
Project("{9A19103F-16F7-4668-BE54-9A1E7A4F7556}") = "ConsoleExample", "ConsoleExample\ConsoleExample.csproj", "{3A6BFEC0-5602-449F-9272-3DF043E7F00E}"
	ProjectSection(ProjectDependencies) = postProject
		{2E15665F-27BF-49E6-A4A1-681F36B8A6D0} = {2E15665F-27BF-49E6-A4A1-681F36B8A6D0}
	EndProjectSection
EndProject
Project("{FAE04EC0-301F-11D3-BF4B-00C04F79EFBC}") = "WpfExample", "WpfExample\WpfExample.csproj", "{3B186857-D431-47F1-8E92-F8039E8A130D}"
EndProject
Global
	GlobalSection(SolutionConfigurationPlatforms) = preSolution
		Debug|Any CPU = Debug|Any CPU
		Release|Any CPU = Release|Any CPU
	EndGlobalSection
	GlobalSection(ProjectConfigurationPlatforms) = postSolution
		{2E15665F-27BF-49E6-A4A1-681F36B8A6D0}.Debug|Any CPU.ActiveCfg = Debug|Any CPU
		{2E15665F-27BF-49E6-A4A1-681F36B8A6D0}.Debug|Any CPU.Build.0 = Debug|Any CPU
		{2E15665F-27BF-49E6-A4A1-681F36B8A6D0}.Release|Any CPU.ActiveCfg = Release|Any CPU
		{2E15665F-27BF-49E6-A4A1-681F36B8A6D0}.Release|Any CPU.Build.0 = Release|Any CPU
		{C2DF5E2D-7719-409F-818D-F3341A903F78}.Debug|Any CPU.ActiveCfg = Debug|Any CPU
		{C2DF5E2D-7719-409F-818D-F3341A903F78}.Debug|Any CPU.Build.0 = Debug|Any CPU
		{C2DF5E2D-7719-409F-818D-F3341A903F78}.Release|Any CPU.ActiveCfg = Release|Any CPU
		{C2DF5E2D-7719-409F-818D-F3341A903F78}.Release|Any CPU.Build.0 = Release|Any CPU
		{3A6BFEC0-5602-449F-9272-3DF043E7F00E}.Debug|Any CPU.ActiveCfg = Debug|Any CPU
		{3A6BFEC0-5602-449F-9272-3DF043E7F00E}.Debug|Any CPU.Build.0 = Debug|Any CPU
		{3A6BFEC0-5602-449F-9272-3DF043E7F00E}.Release|Any CPU.ActiveCfg = Release|Any CPU
		{3A6BFEC0-5602-449F-9272-3DF043E7F00E}.Release|Any CPU.Build.0 = Release|Any CPU
		{3B186857-D431-47F1-8E92-F8039E8A130D}.Debug|Any CPU.ActiveCfg = Debug|Any CPU
		{3B186857-D431-47F1-8E92-F8039E8A130D}.Debug|Any CPU.Build.0 = Debug|Any CPU
		{3B186857-D431-47F1-8E92-F8039E8A130D}.Release|Any CPU.ActiveCfg = Release|Any CPU
		{3B186857-D431-47F1-8E92-F8039E8A130D}.Release|Any CPU.Build.0 = Release|Any CPU
	EndGlobalSection
	GlobalSection(SolutionProperties) = preSolution
		HideSolutionNode = FALSE
	EndGlobalSection
	GlobalSection(ExtensibilityGlobals) = postSolution
		SolutionGuid = {D358D3DF-6262-4D36-82BE-90DF4EEC5F1B}
	EndGlobalSection
EndGlobal
